
Microsoft Visual Studio Solution File, Format Version 11.00
# Visual Studio 2010
Project("{FAE04EC0-301F-11D3-BF4B-00C04F79EFBC}") = "Assembly-CSharp", "Assembly-CSharp.csproj", "{8BCE085B-13CB-8838-29FD-F8D7E6A35CEA}"
EndProject
Project("{FAE04EC0-301F-11D3-BF4B-00C04F79EFBC}") = "Assembly-CSharp-Editor", "Assembly-CSharp-Editor.csproj", "{EE80C133-2843-44D9-3E28-94EB1DE90BD1}"
EndProject
Global
	GlobalSection(SolutionConfigurationPlatforms) = preSolution
		Debug|Any CPU = Debug|Any CPU
		Release|Any CPU = Release|Any CPU
	EndGlobalSection
	GlobalSection(ProjectConfigurationPlatforms) = postSolution
		{8BCE085B-13CB-8838-29FD-F8D7E6A35CEA}.Debug|Any CPU.ActiveCfg = Debug|Any CPU
		{8BCE085B-13CB-8838-29FD-F8D7E6A35CEA}.Debug|Any CPU.Build.0 = Debug|Any CPU
		{8BCE085B-13CB-8838-29FD-F8D7E6A35CEA}.Release|Any CPU.ActiveCfg = Release|Any CPU
		{8BCE085B-13CB-8838-29FD-F8D7E6A35CEA}.Release|Any CPU.Build.0 = Release|Any CPU
		{EE80C133-2843-44D9-3E28-94EB1DE90BD1}.Debug|Any CPU.ActiveCfg = Debug|Any CPU
		{EE80C133-2843-44D9-3E28-94EB1DE90BD1}.Debug|Any CPU.Build.0 = Debug|Any CPU
		{EE80C133-2843-44D9-3E28-94EB1DE90BD1}.Release|Any CPU.ActiveCfg = Release|Any CPU
		{EE80C133-2843-44D9-3E28-94EB1DE90BD1}.Release|Any CPU.Build.0 = Release|Any CPU
	EndGlobalSection
	GlobalSection(SolutionProperties) = preSolution
		HideSolutionNode = FALSE
	EndGlobalSection
EndGlobal
